// !$*UTF8*$!
{
	archiveVersion = 1;
	classes = {
	};
	objectVersion = 55;
	objects = {

/* Begin PBXBuildFile section */
		1F084FBD279776590029687E /* WorkoutCreationViewController.swift in Sources */ = {isa = PBXBuildFile; fileRef = 1F084FBC279776590029687E /* WorkoutCreationViewController.swift */; };
		1F084FBF2797ACB40029687E /* WorkoutLottie.json in Resources */ = {isa = PBXBuildFile; fileRef = 1F084FBE2797ACB40029687E /* WorkoutLottie.json */; };
		1F0D18412798CC72009B4284 /* WorkoutController.swift in Sources */ = {isa = PBXBuildFile; fileRef = 1F0D18402798CC72009B4284 /* WorkoutController.swift */; };
		1F0D18432798CF50009B4284 /* ExerciseExtension.swift in Sources */ = {isa = PBXBuildFile; fileRef = 1F0D18422798CF50009B4284 /* ExerciseExtension.swift */; };
		1F0D18462798D0E7009B4284 /* WorkinOutCoreData.xcdatamodeld in Sources */ = {isa = PBXBuildFile; fileRef = 1F0D18442798D0E7009B4284 /* WorkinOutCoreData.xcdatamodeld */; };
		1F10322C27B176120051B849 /* BodyWeightEntriesTableViewController.swift in Sources */ = {isa = PBXBuildFile; fileRef = 1F10322B27B176120051B849 /* BodyWeightEntriesTableViewController.swift */; };
		1F55384327A08EA10049EB20 /* WorkoutViewerViewController.swift in Sources */ = {isa = PBXBuildFile; fileRef = 1F55384227A08EA10049EB20 /* WorkoutViewerViewController.swift */; };
		1F55384527A50A980049EB20 /* TrackingViewController.swift in Sources */ = {isa = PBXBuildFile; fileRef = 1F55384427A50A980049EB20 /* TrackingViewController.swift */; };
		1F55384727A50F160049EB20 /* BodyWeightController.swift in Sources */ = {isa = PBXBuildFile; fileRef = 1F55384627A50F160049EB20 /* BodyWeightController.swift */; };
		1F55384927A5102C0049EB20 /* BodyWeightExtension.swift in Sources */ = {isa = PBXBuildFile; fileRef = 1F55384827A5102C0049EB20 /* BodyWeightExtension.swift */; };
		1F6F6C0A279B6C6500589856 /* WorkoutExtension.swift in Sources */ = {isa = PBXBuildFile; fileRef = 1F6F6C09279B6C6500589856 /* WorkoutExtension.swift */; };
		1F6F6C0E279B769400589856 /* WorkoutTableViewController.swift in Sources */ = {isa = PBXBuildFile; fileRef = 1F6F6C0D279B769400589856 /* WorkoutTableViewController.swift */; };
		1F6F6C10279CDA4F00589856 /* WorkoutCreator.storyboard in Resources */ = {isa = PBXBuildFile; fileRef = 1F6F6C0F279CDA4F00589856 /* WorkoutCreator.storyboard */; };
		1F9908102798AA2F00FA9143 /* AddExerciseViewController.swift in Sources */ = {isa = PBXBuildFile; fileRef = 1F99080F2798AA2F00FA9143 /* AddExerciseViewController.swift */; };
		1FA725282795D8B200B8D174 /* AppDelegate.swift in Sources */ = {isa = PBXBuildFile; fileRef = 1FA725272795D8B200B8D174 /* AppDelegate.swift */; };
		1FA7252A2795D8B200B8D174 /* SceneDelegate.swift in Sources */ = {isa = PBXBuildFile; fileRef = 1FA725292795D8B200B8D174 /* SceneDelegate.swift */; };
		1FA7252F2795D8B200B8D174 /* Credits.storyboard in Resources */ = {isa = PBXBuildFile; fileRef = 1FA7252D2795D8B200B8D174 /* Credits.storyboard */; };
		1FA725312795D8B300B8D174 /* Assets.xcassets in Resources */ = {isa = PBXBuildFile; fileRef = 1FA725302795D8B300B8D174 /* Assets.xcassets */; };
		1FA725342795D8B300B8D174 /* LaunchScreen.storyboard in Resources */ = {isa = PBXBuildFile; fileRef = 1FA725322795D8B300B8D174 /* LaunchScreen.storyboard */; };
		1FA7253D2795D91700B8D174 /* Tracking.storyboard in Resources */ = {isa = PBXBuildFile; fileRef = 1FA7253C2795D91700B8D174 /* Tracking.storyboard */; };
		1FA7253F2795DF0A00B8D174 /* Main.storyboard in Resources */ = {isa = PBXBuildFile; fileRef = 1FA7253E2795DF0A00B8D174 /* Main.storyboard */; };
		1FA725412795F38600B8D174 /* Workout.storyboard in Resources */ = {isa = PBXBuildFile; fileRef = 1FA725402795F38600B8D174 /* Workout.storyboard */; };
		1FA725492795F58600B8D174 /* Charts in Frameworks */ = {isa = PBXBuildFile; productRef = 1FA725482795F58600B8D174 /* Charts */; };
		1FA7255327960DEE00B8D174 /* TipTableViewController.swift in Sources */ = {isa = PBXBuildFile; fileRef = 1FA7255227960DEE00B8D174 /* TipTableViewController.swift */; };
		1FA7255627960F1B00B8D174 /* Tip.swift in Sources */ = {isa = PBXBuildFile; fileRef = 1FA7255527960F1B00B8D174 /* Tip.swift */; };
		1FA7255A279627A800B8D174 /* AddExercise.storyboard in Resources */ = {isa = PBXBuildFile; fileRef = 1FA72559279627A800B8D174 /* AddExercise.storyboard */; };
		1FA7255E2797279500B8D174 /* AddBodyWeightViewController.swift in Sources */ = {isa = PBXBuildFile; fileRef = 1FA7255D2797279500B8D174 /* AddBodyWeightViewController.swift */; };
		1FA72562279736B800B8D174 /* TipManager.swift in Sources */ = {isa = PBXBuildFile; fileRef = 1FA72561279736B800B8D174 /* TipManager.swift */; };
		1FA72564279743A800B8D174 /* TipTextViewController.swift in Sources */ = {isa = PBXBuildFile; fileRef = 1FA72563279743A800B8D174 /* TipTextViewController.swift */; };
		1FA7256727975D1900B8D174 /* Lottie in Frameworks */ = {isa = PBXBuildFile; productRef = 1FA7256627975D1900B8D174 /* Lottie */; };
		1FA725692797627F00B8D174 /* TrackingLottie.json in Resources */ = {isa = PBXBuildFile; fileRef = 1FA725682797627F00B8D174 /* TrackingLottie.json */; };
/* End PBXBuildFile section */

/* Begin PBXFileReference section */
		1F084FBC279776590029687E /* WorkoutCreationViewController.swift */ = {isa = PBXFileReference; lastKnownFileType = sourcecode.swift; path = WorkoutCreationViewController.swift; sourceTree = "<group>"; };
		1F084FBE2797ACB40029687E /* WorkoutLottie.json */ = {isa = PBXFileReference; fileEncoding = 4; lastKnownFileType = text.json; name = WorkoutLottie.json; path = WorkinOut/WorkoutLottie.json; sourceTree = "<group>"; };
		1F0D18402798CC72009B4284 /* WorkoutController.swift */ = {isa = PBXFileReference; lastKnownFileType = sourcecode.swift; path = WorkoutController.swift; sourceTree = "<group>"; };
		1F0D18422798CF50009B4284 /* ExerciseExtension.swift */ = {isa = PBXFileReference; lastKnownFileType = sourcecode.swift; path = ExerciseExtension.swift; sourceTree = "<group>"; };
		1F0D18452798D0E7009B4284 /* ExerciseCoreData.xcdatamodel */ = {isa = PBXFileReference; lastKnownFileType = wrapper.xcdatamodel; path = ExerciseCoreData.xcdatamodel; sourceTree = "<group>"; };
		1F10322B27B176120051B849 /* BodyWeightEntriesTableViewController.swift */ = {isa = PBXFileReference; lastKnownFileType = sourcecode.swift; path = BodyWeightEntriesTableViewController.swift; sourceTree = "<group>"; };
		1F55384227A08EA10049EB20 /* WorkoutViewerViewController.swift */ = {isa = PBXFileReference; lastKnownFileType = sourcecode.swift; path = WorkoutViewerViewController.swift; sourceTree = "<group>"; };
		1F55384427A50A980049EB20 /* TrackingViewController.swift */ = {isa = PBXFileReference; lastKnownFileType = sourcecode.swift; path = TrackingViewController.swift; sourceTree = "<group>"; };
		1F55384627A50F160049EB20 /* BodyWeightController.swift */ = {isa = PBXFileReference; lastKnownFileType = sourcecode.swift; path = BodyWeightController.swift; sourceTree = "<group>"; };
		1F55384827A5102C0049EB20 /* BodyWeightExtension.swift */ = {isa = PBXFileReference; lastKnownFileType = sourcecode.swift; path = BodyWeightExtension.swift; sourceTree = "<group>"; };
		1F6F6C09279B6C6500589856 /* WorkoutExtension.swift */ = {isa = PBXFileReference; lastKnownFileType = sourcecode.swift; path = WorkoutExtension.swift; sourceTree = "<group>"; };
		1F6F6C0D279B769400589856 /* WorkoutTableViewController.swift */ = {isa = PBXFileReference; lastKnownFileType = sourcecode.swift; path = WorkoutTableViewController.swift; sourceTree = "<group>"; };
		1F6F6C0F279CDA4F00589856 /* WorkoutCreator.storyboard */ = {isa = PBXFileReference; fileEncoding = 4; lastKnownFileType = file.storyboard; path = WorkoutCreator.storyboard; sourceTree = "<group>"; };
		1F99080F2798AA2F00FA9143 /* AddExerciseViewController.swift */ = {isa = PBXFileReference; lastKnownFileType = sourcecode.swift; path = AddExerciseViewController.swift; sourceTree = "<group>"; };
		1FA725242795D8B200B8D174 /* WorkinOut.app */ = {isa = PBXFileReference; explicitFileType = wrapper.application; includeInIndex = 0; path = WorkinOut.app; sourceTree = BUILT_PRODUCTS_DIR; };
		1FA725272795D8B200B8D174 /* AppDelegate.swift */ = {isa = PBXFileReference; lastKnownFileType = sourcecode.swift; path = AppDelegate.swift; sourceTree = "<group>"; };
		1FA725292795D8B200B8D174 /* SceneDelegate.swift */ = {isa = PBXFileReference; lastKnownFileType = sourcecode.swift; path = SceneDelegate.swift; sourceTree = "<group>"; };
		1FA7252E2795D8B200B8D174 /* Base */ = {isa = PBXFileReference; lastKnownFileType = file.storyboard; name = Base; path = Base.lproj/Credits.storyboard; sourceTree = "<group>"; };
		1FA725302795D8B300B8D174 /* Assets.xcassets */ = {isa = PBXFileReference; lastKnownFileType = folder.assetcatalog; path = Assets.xcassets; sourceTree = "<group>"; };
		1FA725332795D8B300B8D174 /* Base */ = {isa = PBXFileReference; lastKnownFileType = file.storyboard; name = Base; path = Base.lproj/LaunchScreen.storyboard; sourceTree = "<group>"; };
		1FA725352795D8B300B8D174 /* Info.plist */ = {isa = PBXFileReference; lastKnownFileType = text.plist.xml; path = Info.plist; sourceTree = "<group>"; };
		1FA7253C2795D91700B8D174 /* Tracking.storyboard */ = {isa = PBXFileReference; lastKnownFileType = file.storyboard; path = Tracking.storyboard; sourceTree = "<group>"; };
		1FA7253E2795DF0A00B8D174 /* Main.storyboard */ = {isa = PBXFileReference; lastKnownFileType = file.storyboard; path = Main.storyboard; sourceTree = "<group>"; };
		1FA725402795F38600B8D174 /* Workout.storyboard */ = {isa = PBXFileReference; lastKnownFileType = file.storyboard; path = Workout.storyboard; sourceTree = "<group>"; };
		1FA7255227960DEE00B8D174 /* TipTableViewController.swift */ = {isa = PBXFileReference; lastKnownFileType = sourcecode.swift; path = TipTableViewController.swift; sourceTree = "<group>"; };
		1FA7255527960F1B00B8D174 /* Tip.swift */ = {isa = PBXFileReference; lastKnownFileType = sourcecode.swift; path = Tip.swift; sourceTree = "<group>"; };
		1FA72559279627A800B8D174 /* AddExercise.storyboard */ = {isa = PBXFileReference; lastKnownFileType = file.storyboard; path = AddExercise.storyboard; sourceTree = "<group>"; };
		1FA7255D2797279500B8D174 /* AddBodyWeightViewController.swift */ = {isa = PBXFileReference; lastKnownFileType = sourcecode.swift; path = AddBodyWeightViewController.swift; sourceTree = "<group>"; };
		1FA72561279736B800B8D174 /* TipManager.swift */ = {isa = PBXFileReference; lastKnownFileType = sourcecode.swift; path = TipManager.swift; sourceTree = "<group>"; };
		1FA72563279743A800B8D174 /* TipTextViewController.swift */ = {isa = PBXFileReference; lastKnownFileType = sourcecode.swift; path = TipTextViewController.swift; sourceTree = "<group>"; };
		1FA725682797627F00B8D174 /* TrackingLottie.json */ = {isa = PBXFileReference; fileEncoding = 4; lastKnownFileType = text.json; name = TrackingLottie.json; path = WorkinOut/TrackingLottie.json; sourceTree = "<group>"; };
/* End PBXFileReference section */

/* Begin PBXFrameworksBuildPhase section */
		1FA725212795D8B200B8D174 /* Frameworks */ = {
			isa = PBXFrameworksBuildPhase;
			buildActionMask = 2147483647;
			files = (
				1FA725492795F58600B8D174 /* Charts in Frameworks */,
				1FA7256727975D1900B8D174 /* Lottie in Frameworks */,
			);
			runOnlyForDeploymentPostprocessing = 0;
		};
/* End PBXFrameworksBuildPhase section */

/* Begin PBXGroup section */
		1FA7251B2795D8B200B8D174 = {
			isa = PBXGroup;
			children = (
				1FA725262795D8B200B8D174 /* WorkinOut */,
				1FA725252795D8B200B8D174 /* Products */,
				1FA725462795F53500B8D174 /* Frameworks */,
			);
			sourceTree = "<group>";
		};
		1FA725252795D8B200B8D174 /* Products */ = {
			isa = PBXGroup;
			children = (
				1FA725242795D8B200B8D174 /* WorkinOut.app */,
			);
			name = Products;
			sourceTree = "<group>";
		};
		1FA725262795D8B200B8D174 /* WorkinOut */ = {
			isa = PBXGroup;
			children = (
				1FA7253E2795DF0A00B8D174 /* Main.storyboard */,
				1FA7253C2795D91700B8D174 /* Tracking.storyboard */,
				1FA7252D2795D8B200B8D174 /* Credits.storyboard */,
				1FA725402795F38600B8D174 /* Workout.storyboard */,
				1F6F6C0F279CDA4F00589856 /* WorkoutCreator.storyboard */,
				1FA72559279627A800B8D174 /* AddExercise.storyboard */,
				1FA725322795D8B300B8D174 /* LaunchScreen.storyboard */,
				1FA725432795F40100B8D174 /* Controllers */,
				1FA7255427960F0000B8D174 /* Models */,
				1FA7253B2795D8F100B8D174 /* Misc */,
			);
			path = WorkinOut;
			sourceTree = "<group>";
		};
		1FA7253B2795D8F100B8D174 /* Misc */ = {
			isa = PBXGroup;
			children = (
				1FA725272795D8B200B8D174 /* AppDelegate.swift */,
				1FA725292795D8B200B8D174 /* SceneDelegate.swift */,
				1FA725302795D8B300B8D174 /* Assets.xcassets */,
				1F0D18442798D0E7009B4284 /* WorkinOutCoreData.xcdatamodeld */,
				1FA725352795D8B300B8D174 /* Info.plist */,
			);
			path = Misc;
			sourceTree = "<group>";
		};
		1FA725432795F40100B8D174 /* Controllers */ = {
			isa = PBXGroup;
			children = (
				1FA7255227960DEE00B8D174 /* TipTableViewController.swift */,
				1FA72563279743A800B8D174 /* TipTextViewController.swift */,
				1FA7255D2797279500B8D174 /* AddBodyWeightViewController.swift */,
				1F6F6C0D279B769400589856 /* WorkoutTableViewController.swift */,
				1F084FBC279776590029687E /* WorkoutCreationViewController.swift */,
				1F99080F2798AA2F00FA9143 /* AddExerciseViewController.swift */,
				1F55384227A08EA10049EB20 /* WorkoutViewerViewController.swift */,
				1F55384427A50A980049EB20 /* TrackingViewController.swift */,
				1F10322B27B176120051B849 /* BodyWeightEntriesTableViewController.swift */,
			);
			path = Controllers;
			sourceTree = "<group>";
		};
		1FA725462795F53500B8D174 /* Frameworks */ = {
			isa = PBXGroup;
			children = (
				1FA725682797627F00B8D174 /* TrackingLottie.json */,
				1F084FBE2797ACB40029687E /* WorkoutLottie.json */,
			);
			name = Frameworks;
			sourceTree = "<group>";
		};
		1FA7255427960F0000B8D174 /* Models */ = {
			isa = PBXGroup;
			children = (
				1F0D18402798CC72009B4284 /* WorkoutController.swift */,
				1F6F6C09279B6C6500589856 /* WorkoutExtension.swift */,
				1F0D18422798CF50009B4284 /* ExerciseExtension.swift */,
				1F55384627A50F160049EB20 /* BodyWeightController.swift */,
				1F55384827A5102C0049EB20 /* BodyWeightExtension.swift */,
				1FA7255527960F1B00B8D174 /* Tip.swift */,
				1FA72561279736B800B8D174 /* TipManager.swift */,
			);
			path = Models;
			sourceTree = "<group>";
		};
/* End PBXGroup section */

/* Begin PBXNativeTarget section */
		1FA725232795D8B200B8D174 /* WorkinOut */ = {
			isa = PBXNativeTarget;
			buildConfigurationList = 1FA725382795D8B300B8D174 /* Build configuration list for PBXNativeTarget "WorkinOut" */;
			buildPhases = (
				1FA725202795D8B200B8D174 /* Sources */,
				1FA725212795D8B200B8D174 /* Frameworks */,
				1FA725222795D8B200B8D174 /* Resources */,
			);
			buildRules = (
			);
			dependencies = (
			);
			name = WorkinOut;
			packageProductDependencies = (
				1FA725482795F58600B8D174 /* Charts */,
				1FA7256627975D1900B8D174 /* Lottie */,
			);
			productName = WorkinOut;
			productReference = 1FA725242795D8B200B8D174 /* WorkinOut.app */;
			productType = "com.apple.product-type.application";
		};
/* End PBXNativeTarget section */

/* Begin PBXProject section */
		1FA7251C2795D8B200B8D174 /* Project object */ = {
			isa = PBXProject;
			attributes = {
				BuildIndependentTargetsInParallel = 1;
				LastSwiftUpdateCheck = 1300;
				LastUpgradeCheck = 1300;
				TargetAttributes = {
					1FA725232795D8B200B8D174 = {
						CreatedOnToolsVersion = 13.0;
					};
				};
			};
			buildConfigurationList = 1FA7251F2795D8B200B8D174 /* Build configuration list for PBXProject "WorkinOut" */;
			compatibilityVersion = "Xcode 13.0";
			developmentRegion = en;
			hasScannedForEncodings = 0;
			knownRegions = (
				en,
				Base,
			);
			mainGroup = 1FA7251B2795D8B200B8D174;
			packageReferences = (
				1FA725472795F58600B8D174 /* XCRemoteSwiftPackageReference "Charts" */,
				1FA7256527975D1900B8D174 /* XCRemoteSwiftPackageReference "lottie-ios" */,
			);
			productRefGroup = 1FA725252795D8B200B8D174 /* Products */;
			projectDirPath = "";
			projectRoot = "";
			targets = (
				1FA725232795D8B200B8D174 /* WorkinOut */,
			);
		};
/* End PBXProject section */

/* Begin PBXResourcesBuildPhase section */
		1FA725222795D8B200B8D174 /* Resources */ = {
			isa = PBXResourcesBuildPhase;
			buildActionMask = 2147483647;
			files = (
				1FA7255A279627A800B8D174 /* AddExercise.storyboard in Resources */,
				1FA725342795D8B300B8D174 /* LaunchScreen.storyboard in Resources */,
				1FA7253D2795D91700B8D174 /* Tracking.storyboard in Resources */,
				1FA725692797627F00B8D174 /* TrackingLottie.json in Resources */,
				1FA725312795D8B300B8D174 /* Assets.xcassets in Resources */,
				1F6F6C10279CDA4F00589856 /* WorkoutCreator.storyboard in Resources */,
				1FA7253F2795DF0A00B8D174 /* Main.storyboard in Resources */,
				1FA725412795F38600B8D174 /* Workout.storyboard in Resources */,
				1F084FBF2797ACB40029687E /* WorkoutLottie.json in Resources */,
				1FA7252F2795D8B200B8D174 /* Credits.storyboard in Resources */,
			);
			runOnlyForDeploymentPostprocessing = 0;
		};
/* End PBXResourcesBuildPhase section */

/* Begin PBXSourcesBuildPhase section */
		1FA725202795D8B200B8D174 /* Sources */ = {
			isa = PBXSourcesBuildPhase;
			buildActionMask = 2147483647;
			files = (
				1FA72562279736B800B8D174 /* TipManager.swift in Sources */,
				1F55384927A5102C0049EB20 /* BodyWeightExtension.swift in Sources */,
				1FA7255E2797279500B8D174 /* AddBodyWeightViewController.swift in Sources */,
				1F0D18412798CC72009B4284 /* WorkoutController.swift in Sources */,
				1FA7255327960DEE00B8D174 /* TipTableViewController.swift in Sources */,
				1F6F6C0E279B769400589856 /* WorkoutTableViewController.swift in Sources */,
				1FA7255627960F1B00B8D174 /* Tip.swift in Sources */,
				1F0D18432798CF50009B4284 /* ExerciseExtension.swift in Sources */,
				1F55384327A08EA10049EB20 /* WorkoutViewerViewController.swift in Sources */,
				1F6F6C0A279B6C6500589856 /* WorkoutExtension.swift in Sources */,
				1F55384527A50A980049EB20 /* TrackingViewController.swift in Sources */,
				1F55384727A50F160049EB20 /* BodyWeightController.swift in Sources */,
				1F10322C27B176120051B849 /* BodyWeightEntriesTableViewController.swift in Sources */,
				1FA725282795D8B200B8D174 /* AppDelegate.swift in Sources */,
				1F0D18462798D0E7009B4284 /* WorkinOutCoreData.xcdatamodeld in Sources */,
				1F9908102798AA2F00FA9143 /* AddExerciseViewController.swift in Sources */,
				1F084FBD279776590029687E /* WorkoutCreationViewController.swift in Sources */,
				1FA7252A2795D8B200B8D174 /* SceneDelegate.swift in Sources */,
				1FA72564279743A800B8D174 /* TipTextViewController.swift in Sources */,
			);
			runOnlyForDeploymentPostprocessing = 0;
		};
/* End PBXSourcesBuildPhase section */

/* Begin PBXVariantGroup section */
		1FA7252D2795D8B200B8D174 /* Credits.storyboard */ = {
			isa = PBXVariantGroup;
			children = (
				1FA7252E2795D8B200B8D174 /* Base */,
			);
			name = Credits.storyboard;
			sourceTree = "<group>";
		};
		1FA725322795D8B300B8D174 /* LaunchScreen.storyboard */ = {
			isa = PBXVariantGroup;
			children = (
				1FA725332795D8B300B8D174 /* Base */,
			);
			name = LaunchScreen.storyboard;
			sourceTree = "<group>";
		};
/* End PBXVariantGroup section */

/* Begin XCBuildConfiguration section */
		1FA725362795D8B300B8D174 /* Debug */ = {
			isa = XCBuildConfiguration;
			buildSettings = {
				ALWAYS_SEARCH_USER_PATHS = NO;
				CLANG_ANALYZER_NONNULL = YES;
				CLANG_ANALYZER_NUMBER_OBJECT_CONVERSION = YES_AGGRESSIVE;
				CLANG_CXX_LANGUAGE_STANDARD = "gnu++17";
				CLANG_CXX_LIBRARY = "libc++";
				CLANG_ENABLE_MODULES = YES;
				CLANG_ENABLE_OBJC_ARC = YES;
				CLANG_ENABLE_OBJC_WEAK = YES;
				CLANG_WARN_BLOCK_CAPTURE_AUTORELEASING = YES;
				CLANG_WARN_BOOL_CONVERSION = YES;
				CLANG_WARN_COMMA = YES;
				CLANG_WARN_CONSTANT_CONVERSION = YES;
				CLANG_WARN_DEPRECATED_OBJC_IMPLEMENTATIONS = YES;
				CLANG_WARN_DIRECT_OBJC_ISA_USAGE = YES_ERROR;
				CLANG_WARN_DOCUMENTATION_COMMENTS = YES;
				CLANG_WARN_EMPTY_BODY = YES;
				CLANG_WARN_ENUM_CONVERSION = YES;
				CLANG_WARN_INFINITE_RECURSION = YES;
				CLANG_WARN_INT_CONVERSION = YES;
				CLANG_WARN_NON_LITERAL_NULL_CONVERSION = YES;
				CLANG_WARN_OBJC_IMPLICIT_RETAIN_SELF = YES;
				CLANG_WARN_OBJC_LITERAL_CONVERSION = YES;
				CLANG_WARN_OBJC_ROOT_CLASS = YES_ERROR;
				CLANG_WARN_QUOTED_INCLUDE_IN_FRAMEWORK_HEADER = YES;
				CLANG_WARN_RANGE_LOOP_ANALYSIS = YES;
				CLANG_WARN_STRICT_PROTOTYPES = YES;
				CLANG_WARN_SUSPICIOUS_MOVE = YES;
				CLANG_WARN_UNGUARDED_AVAILABILITY = YES_AGGRESSIVE;
				CLANG_WARN_UNREACHABLE_CODE = YES;
				CLANG_WARN__DUPLICATE_METHOD_MATCH = YES;
				COPY_PHASE_STRIP = NO;
				DEBUG_INFORMATION_FORMAT = dwarf;
				ENABLE_STRICT_OBJC_MSGSEND = YES;
				ENABLE_TESTABILITY = YES;
				GCC_C_LANGUAGE_STANDARD = gnu11;
				GCC_DYNAMIC_NO_PIC = NO;
				GCC_NO_COMMON_BLOCKS = YES;
				GCC_OPTIMIZATION_LEVEL = 0;
				GCC_PREPROCESSOR_DEFINITIONS = (
					"DEBUG=1",
					"$(inherited)",
				);
				GCC_WARN_64_TO_32_BIT_CONVERSION = YES;
				GCC_WARN_ABOUT_RETURN_TYPE = YES_ERROR;
				GCC_WARN_UNDECLARED_SELECTOR = YES;
				GCC_WARN_UNINITIALIZED_AUTOS = YES_AGGRESSIVE;
				GCC_WARN_UNUSED_FUNCTION = YES;
				GCC_WARN_UNUSED_VARIABLE = YES;
				IPHONEOS_DEPLOYMENT_TARGET = 15.0;
				MTL_ENABLE_DEBUG_INFO = INCLUDE_SOURCE;
				MTL_FAST_MATH = YES;
				ONLY_ACTIVE_ARCH = YES;
				SDKROOT = iphoneos;
				SWIFT_ACTIVE_COMPILATION_CONDITIONS = DEBUG;
				SWIFT_OPTIMIZATION_LEVEL = "-Onone";
			};
			name = Debug;
		};
		1FA725372795D8B300B8D174 /* Release */ = {
			isa = XCBuildConfiguration;
			buildSettings = {
				ALWAYS_SEARCH_USER_PATHS = NO;
				CLANG_ANALYZER_NONNULL = YES;
				CLANG_ANALYZER_NUMBER_OBJECT_CONVERSION = YES_AGGRESSIVE;
				CLANG_CXX_LANGUAGE_STANDARD = "gnu++17";
				CLANG_CXX_LIBRARY = "libc++";
				CLANG_ENABLE_MODULES = YES;
				CLANG_ENABLE_OBJC_ARC = YES;
				CLANG_ENABLE_OBJC_WEAK = YES;
				CLANG_WARN_BLOCK_CAPTURE_AUTORELEASING = YES;
				CLANG_WARN_BOOL_CONVERSION = YES;
				CLANG_WARN_COMMA = YES;
				CLANG_WARN_CONSTANT_CONVERSION = YES;
				CLANG_WARN_DEPRECATED_OBJC_IMPLEMENTATIONS = YES;
				CLANG_WARN_DIRECT_OBJC_ISA_USAGE = YES_ERROR;
				CLANG_WARN_DOCUMENTATION_COMMENTS = YES;
				CLANG_WARN_EMPTY_BODY = YES;
				CLANG_WARN_ENUM_CONVERSION = YES;
				CLANG_WARN_INFINITE_RECURSION = YES;
				CLANG_WARN_INT_CONVERSION = YES;
				CLANG_WARN_NON_LITERAL_NULL_CONVERSION = YES;
				CLANG_WARN_OBJC_IMPLICIT_RETAIN_SELF = YES;
				CLANG_WARN_OBJC_LITERAL_CONVERSION = YES;
				CLANG_WARN_OBJC_ROOT_CLASS = YES_ERROR;
				CLANG_WARN_QUOTED_INCLUDE_IN_FRAMEWORK_HEADER = YES;
				CLANG_WARN_RANGE_LOOP_ANALYSIS = YES;
				CLANG_WARN_STRICT_PROTOTYPES = YES;
				CLANG_WARN_SUSPICIOUS_MOVE = YES;
				CLANG_WARN_UNGUARDED_AVAILABILITY = YES_AGGRESSIVE;
				CLANG_WARN_UNREACHABLE_CODE = YES;
				CLANG_WARN__DUPLICATE_METHOD_MATCH = YES;
				COPY_PHASE_STRIP = NO;
				DEBUG_INFORMATION_FORMAT = "dwarf-with-dsym";
				ENABLE_NS_ASSERTIONS = NO;
				ENABLE_STRICT_OBJC_MSGSEND = YES;
				GCC_C_LANGUAGE_STANDARD = gnu11;
				GCC_NO_COMMON_BLOCKS = YES;
				GCC_WARN_64_TO_32_BIT_CONVERSION = YES;
				GCC_WARN_ABOUT_RETURN_TYPE = YES_ERROR;
				GCC_WARN_UNDECLARED_SELECTOR = YES;
				GCC_WARN_UNINITIALIZED_AUTOS = YES_AGGRESSIVE;
				GCC_WARN_UNUSED_FUNCTION = YES;
				GCC_WARN_UNUSED_VARIABLE = YES;
				IPHONEOS_DEPLOYMENT_TARGET = 15.0;
				MTL_ENABLE_DEBUG_INFO = NO;
				MTL_FAST_MATH = YES;
				SDKROOT = iphoneos;
				SWIFT_COMPILATION_MODE = wholemodule;
				SWIFT_OPTIMIZATION_LEVEL = "-O";
				VALIDATE_PRODUCT = YES;
			};
			name = Release;
		};
		1FA725392795D8B300B8D174 /* Debug */ = {
			isa = XCBuildConfiguration;
			buildSettings = {
				ASSETCATALOG_COMPILER_APPICON_NAME = AppIcon;
				ASSETCATALOG_COMPILER_GLOBAL_ACCENT_COLOR_NAME = AccentColor;
				CODE_SIGN_STYLE = Automatic;
				CURRENT_PROJECT_VERSION = 2;
				DEVELOPMENT_TEAM = FL58422VA9;
				GENERATE_INFOPLIST_FILE = YES;
				INFOPLIST_FILE = WorkinOut/Misc/Info.plist;
				INFOPLIST_KEY_CFBundleDisplayName = WorkNOut;
				INFOPLIST_KEY_UIApplicationSupportsIndirectInputEvents = YES;
				INFOPLIST_KEY_UILaunchStoryboardName = LaunchScreen;
				INFOPLIST_KEY_UIMainStoryboardFile = Main;
				INFOPLIST_KEY_UISupportedInterfaceOrientations = UIInterfaceOrientationPortrait;
				INFOPLIST_KEY_UISupportedInterfaceOrientations_iPad = "UIInterfaceOrientationPortrait UIInterfaceOrientationPortraitUpsideDown UIInterfaceOrientationLandscapeLeft UIInterfaceOrientationLandscapeRight";
				INFOPLIST_KEY_UISupportedInterfaceOrientations_iPhone = UIInterfaceOrientationPortrait;
				LD_RUNPATH_SEARCH_PATHS = (
					"$(inherited)",
					"@executable_path/Frameworks",
				);
				MARKETING_VERSION = 1.0.1;
				PRODUCT_BUNDLE_IDENTIFIER = com.JeremyW.WorkinOut;
				PRODUCT_NAME = "$(TARGET_NAME)";
				SWIFT_EMIT_LOC_STRINGS = YES;
				SWIFT_VERSION = 5.0;
				TARGETED_DEVICE_FAMILY = "1,2";
			};
			name = Debug;
		};
		1FA7253A2795D8B300B8D174 /* Release */ = {
			isa = XCBuildConfiguration;
			buildSettings = {
				ASSETCATALOG_COMPILER_APPICON_NAME = AppIcon;
				ASSETCATALOG_COMPILER_GLOBAL_ACCENT_COLOR_NAME = AccentColor;
				CODE_SIGN_STYLE = Automatic;
				CURRENT_PROJECT_VERSION = 2;
				DEVELOPMENT_TEAM = FL58422VA9;
				GENERATE_INFOPLIST_FILE = YES;
				INFOPLIST_FILE = WorkinOut/Misc/Info.plist;
				INFOPLIST_KEY_CFBundleDisplayName = WorkNOut;
				INFOPLIST_KEY_UIApplicationSupportsIndirectInputEvents = YES;
				INFOPLIST_KEY_UILaunchStoryboardName = LaunchScreen;
				INFOPLIST_KEY_UIMainStoryboardFile = Main;
				INFOPLIST_KEY_UISupportedInterfaceOrientations = UIInterfaceOrientationPortrait;
				INFOPLIST_KEY_UISupportedInterfaceOrientations_iPad = "UIInterfaceOrientationPortrait UIInterfaceOrientationPortraitUpsideDown UIInterfaceOrientationLandscapeLeft UIInterfaceOrientationLandscapeRight";
				INFOPLIST_KEY_UISupportedInterfaceOrientations_iPhone = UIInterfaceOrientationPortrait;
				LD_RUNPATH_SEARCH_PATHS = (
					"$(inherited)",
					"@executable_path/Frameworks",
				);
				MARKETING_VERSION = 1.0.1;
				PRODUCT_BUNDLE_IDENTIFIER = com.JeremyW.WorkinOut;
				PRODUCT_NAME = "$(TARGET_NAME)";
				SWIFT_EMIT_LOC_STRINGS = YES;
				SWIFT_VERSION = 5.0;
				TARGETED_DEVICE_FAMILY = "1,2";
			};
			name = Release;
		};
/* End XCBuildConfiguration section */

/* Begin XCConfigurationList section */
		1FA7251F2795D8B200B8D174 /* Build configuration list for PBXProject "WorkinOut" */ = {
			isa = XCConfigurationList;
			buildConfigurations = (
				1FA725362795D8B300B8D174 /* Debug */,
				1FA725372795D8B300B8D174 /* Release */,
			);
			defaultConfigurationIsVisible = 0;
			defaultConfigurationName = Release;
		};
		1FA725382795D8B300B8D174 /* Build configuration list for PBXNativeTarget "WorkinOut" */ = {
			isa = XCConfigurationList;
			buildConfigurations = (
				1FA725392795D8B300B8D174 /* Debug */,
				1FA7253A2795D8B300B8D174 /* Release */,
			);
			defaultConfigurationIsVisible = 0;
			defaultConfigurationName = Release;
		};
/* End XCConfigurationList section */

/* Begin XCRemoteSwiftPackageReference section */
		1FA725472795F58600B8D174 /* XCRemoteSwiftPackageReference "Charts" */ = {
			isa = XCRemoteSwiftPackageReference;
			repositoryURL = "https://github.com/danielgindi/Charts";
			requirement = {
				branch = master;
				kind = branch;
			};
		};
		1FA7256527975D1900B8D174 /* XCRemoteSwiftPackageReference "lottie-ios" */ = {
			isa = XCRemoteSwiftPackageReference;
			repositoryURL = "https://github.com/airbnb/lottie-ios";
			requirement = {
				kind = upToNextMajorVersion;
				minimumVersion = 3.0.0;
			};
		};
/* End XCRemoteSwiftPackageReference section */

/* Begin XCSwiftPackageProductDependency section */
		1FA725482795F58600B8D174 /* Charts */ = {
			isa = XCSwiftPackageProductDependency;
			package = 1FA725472795F58600B8D174 /* XCRemoteSwiftPackageReference "Charts" */;
			productName = Charts;
		};
		1FA7256627975D1900B8D174 /* Lottie */ = {
			isa = XCSwiftPackageProductDependency;
			package = 1FA7256527975D1900B8D174 /* XCRemoteSwiftPackageReference "lottie-ios" */;
			productName = Lottie;
		};
/* End XCSwiftPackageProductDependency section */

/* Begin XCVersionGroup section */
		1F0D18442798D0E7009B4284 /* WorkinOutCoreData.xcdatamodeld */ = {
			isa = XCVersionGroup;
			children = (
				1F0D18452798D0E7009B4284 /* ExerciseCoreData.xcdatamodel */,
			);
			currentVersion = 1F0D18452798D0E7009B4284 /* ExerciseCoreData.xcdatamodel */;
			path = WorkinOutCoreData.xcdatamodeld;
			sourceTree = "<group>";
			versionGroupType = wrapper.xcdatamodel;
		};
/* End XCVersionGroup section */
	};
	rootObject = 1FA7251C2795D8B200B8D174 /* Project object */;
}
